// !$*UTF8*$!
{
	archiveVersion = 1;
	classes = {
	};
	objectVersion = 55;
	objects = {

/* Begin PBXBuildFile section */
		F92411002797256300DA685F /* AppDelegate.swift in Sources */ = {isa = PBXBuildFile; fileRef = F92410FF2797256300DA685F /* AppDelegate.swift */; };
		F92411022797256300DA685F /* SceneDelegate.swift in Sources */ = {isa = PBXBuildFile; fileRef = F92411012797256300DA685F /* SceneDelegate.swift */; };
		F92411042797256300DA685F /* ViewController.swift in Sources */ = {isa = PBXBuildFile; fileRef = F92411032797256300DA685F /* ViewController.swift */; };
		F92411072797256300DA685F /* Main.storyboard in Resources */ = {isa = PBXBuildFile; fileRef = F92411052797256300DA685F /* Main.storyboard */; };
		F92411092797256500DA685F /* Assets.xcassets in Resources */ = {isa = PBXBuildFile; fileRef = F92411082797256500DA685F /* Assets.xcassets */; };
		F924110C2797256500DA685F /* LaunchScreen.storyboard in Resources */ = {isa = PBXBuildFile; fileRef = F924110A2797256500DA685F /* LaunchScreen.storyboard */; };
		F92411172797256600DA685F /* WackAJellyfishTests.swift in Sources */ = {isa = PBXBuildFile; fileRef = F92411162797256600DA685F /* WackAJellyfishTests.swift */; };
		F92411212797256600DA685F /* WackAJellyfishUITests.swift in Sources */ = {isa = PBXBuildFile; fileRef = F92411202797256600DA685F /* WackAJellyfishUITests.swift */; };
		F92411232797256600DA685F /* WackAJellyfishUITestsLaunchTests.swift in Sources */ = {isa = PBXBuildFile; fileRef = F92411222797256600DA685F /* WackAJellyfishUITestsLaunchTests.swift */; };
/* End PBXBuildFile section */

/* Begin PBXContainerItemProxy section */
		F92411132797256600DA685F /* PBXContainerItemProxy */ = {
			isa = PBXContainerItemProxy;
			containerPortal = F92410F42797256200DA685F /* Project object */;
			proxyType = 1;
			remoteGlobalIDString = F92410FB2797256200DA685F;
			remoteInfo = WackAJellyfish;
		};
		F924111D2797256600DA685F /* PBXContainerItemProxy */ = {
			isa = PBXContainerItemProxy;
			containerPortal = F92410F42797256200DA685F /* Project object */;
			proxyType = 1;
			remoteGlobalIDString = F92410FB2797256200DA685F;
			remoteInfo = WackAJellyfish;
		};
/* End PBXContainerItemProxy section */

/* Begin PBXFileReference section */
		F92410FC2797256300DA685F /* WackAJellyfish.app */ = {isa = PBXFileReference; explicitFileType = wrapper.application; includeInIndex = 0; path = WackAJellyfish.app; sourceTree = BUILT_PRODUCTS_DIR; };
		F92410FF2797256300DA685F /* AppDelegate.swift */ = {isa = PBXFileReference; lastKnownFileType = sourcecode.swift; path = AppDelegate.swift; sourceTree = "<group>"; };
		F92411012797256300DA685F /* SceneDelegate.swift */ = {isa = PBXFileReference; lastKnownFileType = sourcecode.swift; path = SceneDelegate.swift; sourceTree = "<group>"; };
		F92411032797256300DA685F /* ViewController.swift */ = {isa = PBXFileReference; lastKnownFileType = sourcecode.swift; path = ViewController.swift; sourceTree = "<group>"; };
		F92411062797256300DA685F /* Base */ = {isa = PBXFileReference; lastKnownFileType = file.storyboard; name = Base; path = Base.lproj/Main.storyboard; sourceTree = "<group>"; };
		F92411082797256500DA685F /* Assets.xcassets */ = {isa = PBXFileReference; lastKnownFileType = folder.assetcatalog; path = Assets.xcassets; sourceTree = "<group>"; };
		F924110B2797256500DA685F /* Base */ = {isa = PBXFileReference; lastKnownFileType = file.storyboard; name = Base; path = Base.lproj/LaunchScreen.storyboard; sourceTree = "<group>"; };
		F924110D2797256500DA685F /* Info.plist */ = {isa = PBXFileReference; lastKnownFileType = text.plist.xml; path = Info.plist; sourceTree = "<group>"; };
		F92411122797256600DA685F /* WackAJellyfishTests.xctest */ = {isa = PBXFileReference; explicitFileType = wrapper.cfbundle; includeInIndex = 0; path = WackAJellyfishTests.xctest; sourceTree = BUILT_PRODUCTS_DIR; };
		F92411162797256600DA685F /* WackAJellyfishTests.swift */ = {isa = PBXFileReference; lastKnownFileType = sourcecode.swift; path = WackAJellyfishTests.swift; sourceTree = "<group>"; };
		F924111C2797256600DA685F /* WackAJellyfishUITests.xctest */ = {isa = PBXFileReference; explicitFileType = wrapper.cfbundle; includeInIndex = 0; path = WackAJellyfishUITests.xctest; sourceTree = BUILT_PRODUCTS_DIR; };
		F92411202797256600DA685F /* WackAJellyfishUITests.swift */ = {isa = PBXFileReference; lastKnownFileType = sourcecode.swift; path = WackAJellyfishUITests.swift; sourceTree = "<group>"; };
		F92411222797256600DA685F /* WackAJellyfishUITestsLaunchTests.swift */ = {isa = PBXFileReference; lastKnownFileType = sourcecode.swift; path = WackAJellyfishUITestsLaunchTests.swift; sourceTree = "<group>"; };
/* End PBXFileReference section */

/* Begin PBXFrameworksBuildPhase section */
		F92410F92797256200DA685F /* Frameworks */ = {
			isa = PBXFrameworksBuildPhase;
			buildActionMask = 2147483647;
			files = (
			);
			runOnlyForDeploymentPostprocessing = 0;
		};
		F924110F2797256600DA685F /* Frameworks */ = {
			isa = PBXFrameworksBuildPhase;
			buildActionMask = 2147483647;
			files = (
			);
			runOnlyForDeploymentPostprocessing = 0;
		};
		F92411192797256600DA685F /* Frameworks */ = {
			isa = PBXFrameworksBuildPhase;
			buildActionMask = 2147483647;
			files = (
			);
			runOnlyForDeploymentPostprocessing = 0;
		};
/* End PBXFrameworksBuildPhase section */

/* Begin PBXGroup section */
		F92410F32797256200DA685F = {
			isa = PBXGroup;
			children = (
				F92410FE2797256300DA685F /* WackAJellyfish */,
				F92411152797256600DA685F /* WackAJellyfishTests */,
				F924111F2797256600DA685F /* WackAJellyfishUITests */,
				F92410FD2797256300DA685F /* Products */,
			);
			sourceTree = "<group>";
		};
		F92410FD2797256300DA685F /* Products */ = {
			isa = PBXGroup;
			children = (
				F92410FC2797256300DA685F /* WackAJellyfish.app */,
				F92411122797256600DA685F /* WackAJellyfishTests.xctest */,
				F924111C2797256600DA685F /* WackAJellyfishUITests.xctest */,
			);
			name = Products;
			sourceTree = "<group>";
		};
		F92410FE2797256300DA685F /* WackAJellyfish */ = {
			isa = PBXGroup;
			children = (
				F92410FF2797256300DA685F /* AppDelegate.swift */,
				F92411012797256300DA685F /* SceneDelegate.swift */,
				F92411032797256300DA685F /* ViewController.swift */,
				F92411052797256300DA685F /* Main.storyboard */,
				F92411082797256500DA685F /* Assets.xcassets */,
				F924110A2797256500DA685F /* LaunchScreen.storyboard */,
				F924110D2797256500DA685F /* Info.plist */,
			);
			path = WackAJellyfish;
			sourceTree = "<group>";
		};
		F92411152797256600DA685F /* WackAJellyfishTests */ = {
			isa = PBXGroup;
			children = (
				F92411162797256600DA685F /* WackAJellyfishTests.swift */,
			);
			path = WackAJellyfishTests;
			sourceTree = "<group>";
		};
		F924111F2797256600DA685F /* WackAJellyfishUITests */ = {
			isa = PBXGroup;
			children = (
				F92411202797256600DA685F /* WackAJellyfishUITests.swift */,
				F92411222797256600DA685F /* WackAJellyfishUITestsLaunchTests.swift */,
			);
			path = WackAJellyfishUITests;
			sourceTree = "<group>";
		};
/* End PBXGroup section */

/* Begin PBXNativeTarget section */
		F92410FB2797256200DA685F /* WackAJellyfish */ = {
			isa = PBXNativeTarget;
			buildConfigurationList = F92411262797256600DA685F /* Build configuration list for PBXNativeTarget "WackAJellyfish" */;
			buildPhases = (
				F92410F82797256200DA685F /* Sources */,
				F92410F92797256200DA685F /* Frameworks */,
				F92410FA2797256200DA685F /* Resources */,
			);
			buildRules = (
			);
			dependencies = (
			);
			name = WackAJellyfish;
			productName = WackAJellyfish;
			productReference = F92410FC2797256300DA685F /* WackAJellyfish.app */;
			productType = "com.apple.product-type.application";
		};
		F92411112797256600DA685F /* WackAJellyfishTests */ = {
			isa = PBXNativeTarget;
			buildConfigurationList = F92411292797256600DA685F /* Build configuration list for PBXNativeTarget "WackAJellyfishTests" */;
			buildPhases = (
				F924110E2797256600DA685F /* Sources */,
				F924110F2797256600DA685F /* Frameworks */,
				F92411102797256600DA685F /* Resources */,
			);
			buildRules = (
			);
			dependencies = (
				F92411142797256600DA685F /* PBXTargetDependency */,
			);
			name = WackAJellyfishTests;
			productName = WackAJellyfishTests;
			productReference = F92411122797256600DA685F /* WackAJellyfishTests.xctest */;
			productType = "com.apple.product-type.bundle.unit-test";
		};
		F924111B2797256600DA685F /* WackAJellyfishUITests */ = {
			isa = PBXNativeTarget;
			buildConfigurationList = F924112C2797256600DA685F /* Build configuration list for PBXNativeTarget "WackAJellyfishUITests" */;
			buildPhases = (
				F92411182797256600DA685F /* Sources */,
				F92411192797256600DA685F /* Frameworks */,
				F924111A2797256600DA685F /* Resources */,
			);
			buildRules = (
			);
			dependencies = (
				F924111E2797256600DA685F /* PBXTargetDependency */,
			);
			name = WackAJellyfishUITests;
			productName = WackAJellyfishUITests;
			productReference = F924111C2797256600DA685F /* WackAJellyfishUITests.xctest */;
			productType = "com.apple.product-type.bundle.ui-testing";
		};
/* End PBXNativeTarget section */

/* Begin PBXProject section */
		F92410F42797256200DA685F /* Project object */ = {
			isa = PBXProject;
			attributes = {
				BuildIndependentTargetsInParallel = 1;
				LastSwiftUpdateCheck = 1310;
				LastUpgradeCheck = 1310;
				TargetAttributes = {
					F92410FB2797256200DA685F = {
						CreatedOnToolsVersion = 13.1;
					};
					F92411112797256600DA685F = {
						CreatedOnToolsVersion = 13.1;
						TestTargetID = F92410FB2797256200DA685F;
					};
					F924111B2797256600DA685F = {
						CreatedOnToolsVersion = 13.1;
						TestTargetID = F92410FB2797256200DA685F;
					};
				};
			};
			buildConfigurationList = F92410F72797256200DA685F /* Build configuration list for PBXProject "WackAJellyfish" */;
			compatibilityVersion = "Xcode 13.0";
			developmentRegion = en;
			hasScannedForEncodings = 0;
			knownRegions = (
				en,
				Base,
			);
			mainGroup = F92410F32797256200DA685F;
			productRefGroup = F92410FD2797256300DA685F /* Products */;
			projectDirPath = "";
			projectRoot = "";
			targets = (
				F92410FB2797256200DA685F /* WackAJellyfish */,
				F92411112797256600DA685F /* WackAJellyfishTests */,
				F924111B2797256600DA685F /* WackAJellyfishUITests */,
			);
		};
/* End PBXProject section */

/* Begin PBXResourcesBuildPhase section */
		F92410FA2797256200DA685F /* Resources */ = {
			isa = PBXResourcesBuildPhase;
			buildActionMask = 2147483647;
			files = (
				F924110C2797256500DA685F /* LaunchScreen.storyboard in Resources */,
				F92411092797256500DA685F /* Assets.xcassets in Resources */,
				F92411072797256300DA685F /* Main.storyboard in Resources */,
			);
			runOnlyForDeploymentPostprocessing = 0;
		};
		F92411102797256600DA685F /* Resources */ = {
			isa = PBXResourcesBuildPhase;
			buildActionMask = 2147483647;
			files = (
			);
			runOnlyForDeploymentPostprocessing = 0;
		};
		F924111A2797256600DA685F /* Resources */ = {
			isa = PBXResourcesBuildPhase;
			buildActionMask = 2147483647;
			files = (
			);
			runOnlyForDeploymentPostprocessing = 0;
		};
/* End PBXResourcesBuildPhase section */

/* Begin PBXSourcesBuildPhase section */
		F92410F82797256200DA685F /* Sources */ = {
			isa = PBXSourcesBuildPhase;
			buildActionMask = 2147483647;
			files = (
				F92411042797256300DA685F /* ViewController.swift in Sources */,
				F92411002797256300DA685F /* AppDelegate.swift in Sources */,
				F92411022797256300DA685F /* SceneDelegate.swift in Sources */,
			);
			runOnlyForDeploymentPostprocessing = 0;
		};
		F924110E2797256600DA685F /* Sources */ = {
			isa = PBXSourcesBuildPhase;
			buildActionMask = 2147483647;
			files = (
				F92411172797256600DA685F /* WackAJellyfishTests.swift in Sources */,
			);
			runOnlyForDeploymentPostprocessing = 0;
		};
		F92411182797256600DA685F /* Sources */ = {
			isa = PBXSourcesBuildPhase;
			buildActionMask = 2147483647;
			files = (
				F92411212797256600DA685F /* WackAJellyfishUITests.swift in Sources */,
				F92411232797256600DA685F /* WackAJellyfishUITestsLaunchTests.swift in Sources */,
			);
			runOnlyForDeploymentPostprocessing = 0;
		};
/* End PBXSourcesBuildPhase section */

/* Begin PBXTargetDependency section */
		F92411142797256600DA685F /* PBXTargetDependency */ = {
			isa = PBXTargetDependency;
			target = F92410FB2797256200DA685F /* WackAJellyfish */;
			targetProxy = F92411132797256600DA685F /* PBXContainerItemProxy */;
		};
		F924111E2797256600DA685F /* PBXTargetDependency */ = {
			isa = PBXTargetDependency;
			target = F92410FB2797256200DA685F /* WackAJellyfish */;
			targetProxy = F924111D2797256600DA685F /* PBXContainerItemProxy */;
		};
/* End PBXTargetDependency section */

/* Begin PBXVariantGroup section */
		F92411052797256300DA685F /* Main.storyboard */ = {
			isa = PBXVariantGroup;
			children = (
				F92411062797256300DA685F /* Base */,
			);
			name = Main.storyboard;
			sourceTree = "<group>";
		};
		F924110A2797256500DA685F /* LaunchScreen.storyboard */ = {
			isa = PBXVariantGroup;
			children = (
				F924110B2797256500DA685F /* Base */,
			);
			name = LaunchScreen.storyboard;
			sourceTree = "<group>";
		};
/* End PBXVariantGroup section */

/* Begin XCBuildConfiguration section */
		F92411242797256600DA685F /* Debug */ = {
			isa = XCBuildConfiguration;
			buildSettings = {
				ALWAYS_SEARCH_USER_PATHS = NO;
				CLANG_ANALYZER_NONNULL = YES;
				CLANG_ANALYZER_NUMBER_OBJECT_CONVERSION = YES_AGGRESSIVE;
				CLANG_CXX_LANGUAGE_STANDARD = "gnu++17";
				CLANG_CXX_LIBRARY = "libc++";
				CLANG_ENABLE_MODULES = YES;
				CLANG_ENABLE_OBJC_ARC = YES;
				CLANG_ENABLE_OBJC_WEAK = YES;
				CLANG_WARN_BLOCK_CAPTURE_AUTORELEASING = YES;
				CLANG_WARN_BOOL_CONVERSION = YES;
				CLANG_WARN_COMMA = YES;
				CLANG_WARN_CONSTANT_CONVERSION = YES;
				CLANG_WARN_DEPRECATED_OBJC_IMPLEMENTATIONS = YES;
				CLANG_WARN_DIRECT_OBJC_ISA_USAGE = YES_ERROR;
				CLANG_WARN_DOCUMENTATION_COMMENTS = YES;
				CLANG_WARN_EMPTY_BODY = YES;
				CLANG_WARN_ENUM_CONVERSION = YES;
				CLANG_WARN_INFINITE_RECURSION = YES;
				CLANG_WARN_INT_CONVERSION = YES;
				CLANG_WARN_NON_LITERAL_NULL_CONVERSION = YES;
				CLANG_WARN_OBJC_IMPLICIT_RETAIN_SELF = YES;
				CLANG_WARN_OBJC_LITERAL_CONVERSION = YES;
				CLANG_WARN_OBJC_ROOT_CLASS = YES_ERROR;
				CLANG_WARN_QUOTED_INCLUDE_IN_FRAMEWORK_HEADER = YES;
				CLANG_WARN_RANGE_LOOP_ANALYSIS = YES;
				CLANG_WARN_STRICT_PROTOTYPES = YES;
				CLANG_WARN_SUSPICIOUS_MOVE = YES;
				CLANG_WARN_UNGUARDED_AVAILABILITY = YES_AGGRESSIVE;
				CLANG_WARN_UNREACHABLE_CODE = YES;
				CLANG_WARN__DUPLICATE_METHOD_MATCH = YES;
				COPY_PHASE_STRIP = NO;
				DEBUG_INFORMATION_FORMAT = dwarf;
				ENABLE_STRICT_OBJC_MSGSEND = YES;
				ENABLE_TESTABILITY = YES;
				GCC_C_LANGUAGE_STANDARD = gnu11;
				GCC_DYNAMIC_NO_PIC = NO;
				GCC_NO_COMMON_BLOCKS = YES;
				GCC_OPTIMIZATION_LEVEL = 0;
				GCC_PREPROCESSOR_DEFINITIONS = (
					"DEBUG=1",
					"$(inherited)",
				);
				GCC_WARN_64_TO_32_BIT_CONVERSION = YES;
				GCC_WARN_ABOUT_RETURN_TYPE = YES_ERROR;
				GCC_WARN_UNDECLARED_SELECTOR = YES;
				GCC_WARN_UNINITIALIZED_AUTOS = YES_AGGRESSIVE;
				GCC_WARN_UNUSED_FUNCTION = YES;
				GCC_WARN_UNUSED_VARIABLE = YES;
				IPHONEOS_DEPLOYMENT_TARGET = 15.0;
				MTL_ENABLE_DEBUG_INFO = INCLUDE_SOURCE;
				MTL_FAST_MATH = YES;
				ONLY_ACTIVE_ARCH = YES;
				SDKROOT = iphoneos;
				SWIFT_ACTIVE_COMPILATION_CONDITIONS = DEBUG;
				SWIFT_OPTIMIZATION_LEVEL = "-Onone";
			};
			name = Debug;
		};
		F92411252797256600DA685F /* Release */ = {
			isa = XCBuildConfiguration;
			buildSettings = {
				ALWAYS_SEARCH_USER_PATHS = NO;
				CLANG_ANALYZER_NONNULL = YES;
				CLANG_ANALYZER_NUMBER_OBJECT_CONVERSION = YES_AGGRESSIVE;
				CLANG_CXX_LANGUAGE_STANDARD = "gnu++17";
				CLANG_CXX_LIBRARY = "libc++";
				CLANG_ENABLE_MODULES = YES;
				CLANG_ENABLE_OBJC_ARC = YES;
				CLANG_ENABLE_OBJC_WEAK = YES;
				CLANG_WARN_BLOCK_CAPTURE_AUTORELEASING = YES;
				CLANG_WARN_BOOL_CONVERSION = YES;
				CLANG_WARN_COMMA = YES;
				CLANG_WARN_CONSTANT_CONVERSION = YES;
				CLANG_WARN_DEPRECATED_OBJC_IMPLEMENTATIONS = YES;
				CLANG_WARN_DIRECT_OBJC_ISA_USAGE = YES_ERROR;
				CLANG_WARN_DOCUMENTATION_COMMENTS = YES;
				CLANG_WARN_EMPTY_BODY = YES;
				CLANG_WARN_ENUM_CONVERSION = YES;
				CLANG_WARN_INFINITE_RECURSION = YES;
				CLANG_WARN_INT_CONVERSION = YES;
				CLANG_WARN_NON_LITERAL_NULL_CONVERSION = YES;
				CLANG_WARN_OBJC_IMPLICIT_RETAIN_SELF = YES;
				CLANG_WARN_OBJC_LITERAL_CONVERSION = YES;
				CLANG_WARN_OBJC_ROOT_CLASS = YES_ERROR;
				CLANG_WARN_QUOTED_INCLUDE_IN_FRAMEWORK_HEADER = YES;
				CLANG_WARN_RANGE_LOOP_ANALYSIS = YES;
				CLANG_WARN_STRICT_PROTOTYPES = YES;
				CLANG_WARN_SUSPICIOUS_MOVE = YES;
				CLANG_WARN_UNGUARDED_AVAILABILITY = YES_AGGRESSIVE;
				CLANG_WARN_UNREACHABLE_CODE = YES;
				CLANG_WARN__DUPLICATE_METHOD_MATCH = YES;
				COPY_PHASE_STRIP = NO;
				DEBUG_INFORMATION_FORMAT = "dwarf-with-dsym";
				ENABLE_NS_ASSERTIONS = NO;
				ENABLE_STRICT_OBJC_MSGSEND = YES;
				GCC_C_LANGUAGE_STANDARD = gnu11;
				GCC_NO_COMMON_BLOCKS = YES;
				GCC_WARN_64_TO_32_BIT_CONVERSION = YES;
				GCC_WARN_ABOUT_RETURN_TYPE = YES_ERROR;
				GCC_WARN_UNDECLARED_SELECTOR = YES;
				GCC_WARN_UNINITIALIZED_AUTOS = YES_AGGRESSIVE;
				GCC_WARN_UNUSED_FUNCTION = YES;
				GCC_WARN_UNUSED_VARIABLE = YES;
				IPHONEOS_DEPLOYMENT_TARGET = 15.0;
				MTL_ENABLE_DEBUG_INFO = NO;
				MTL_FAST_MATH = YES;
				SDKROOT = iphoneos;
				SWIFT_COMPILATION_MODE = wholemodule;
				SWIFT_OPTIMIZATION_LEVEL = "-O";
				VALIDATE_PRODUCT = YES;
			};
			name = Release;
		};
		F92411272797256600DA685F /* Debug */ = {
			isa = XCBuildConfiguration;
			buildSettings = {
				ASSETCATALOG_COMPILER_APPICON_NAME = AppIcon;
				ASSETCATALOG_COMPILER_GLOBAL_ACCENT_COLOR_NAME = AccentColor;
				CODE_SIGN_STYLE = Automatic;
				CURRENT_PROJECT_VERSION = 1;
				DEVELOPMENT_TEAM = 865HCUKLZS;
				GENERATE_INFOPLIST_FILE = YES;
				INFOPLIST_FILE = WackAJellyfish/Info.plist;
				INFOPLIST_KEY_UIApplicationSupportsIndirectInputEvents = YES;
				INFOPLIST_KEY_UILaunchStoryboardName = LaunchScreen;
				INFOPLIST_KEY_UIMainStoryboardFile = Main;
				INFOPLIST_KEY_UISupportedInterfaceOrientations_iPad = "UIInterfaceOrientationPortrait UIInterfaceOrientationPortraitUpsideDown UIInterfaceOrientationLandscapeLeft UIInterfaceOrientationLandscapeRight";
				INFOPLIST_KEY_UISupportedInterfaceOrientations_iPhone = "UIInterfaceOrientationPortrait UIInterfaceOrientationLandscapeLeft UIInterfaceOrientationLandscapeRight";
				LD_RUNPATH_SEARCH_PATHS = (
					"$(inherited)",
					"@executable_path/Frameworks",
				);
				MARKETING_VERSION = 1.0;
				PRODUCT_BUNDLE_IDENTIFIER = wahleapps.WackAJellyfish;
				PRODUCT_NAME = "$(TARGET_NAME)";
				SWIFT_EMIT_LOC_STRINGS = YES;
				SWIFT_VERSION = 5.0;
				TARGETED_DEVICE_FAMILY = "1,2";
			};
			name = Debug;
		};
		F92411282797256600DA685F /* Release */ = {
			isa = XCBuildConfiguration;
			buildSettings = {
				ASSETCATALOG_COMPILER_APPICON_NAME = AppIcon;
				ASSETCATALOG_COMPILER_GLOBAL_ACCENT_COLOR_NAME = AccentColor;
				CODE_SIGN_STYLE = Automatic;
				CURRENT_PROJECT_VERSION = 1;
				DEVELOPMENT_TEAM = 865HCUKLZS;
				GENERATE_INFOPLIST_FILE = YES;
				INFOPLIST_FILE = WackAJellyfish/Info.plist;
				INFOPLIST_KEY_UIApplicationSupportsIndirectInputEvents = YES;
				INFOPLIST_KEY_UILaunchStoryboardName = LaunchScreen;
				INFOPLIST_KEY_UIMainStoryboardFile = Main;
				INFOPLIST_KEY_UISupportedInterfaceOrientations_iPad = "UIInterfaceOrientationPortrait UIInterfaceOrientationPortraitUpsideDown UIInterfaceOrientationLandscapeLeft UIInterfaceOrientationLandscapeRight";
				INFOPLIST_KEY_UISupportedInterfaceOrientations_iPhone = "UIInterfaceOrientationPortrait UIInterfaceOrientationLandscapeLeft UIInterfaceOrientationLandscapeRight";
				LD_RUNPATH_SEARCH_PATHS = (
					"$(inherited)",
					"@executable_path/Frameworks",
				);
				MARKETING_VERSION = 1.0;
				PRODUCT_BUNDLE_IDENTIFIER = wahleapps.WackAJellyfish;
				PRODUCT_NAME = "$(TARGET_NAME)";
				SWIFT_EMIT_LOC_STRINGS = YES;
				SWIFT_VERSION = 5.0;
				TARGETED_DEVICE_FAMILY = "1,2";
			};
			name = Release;
		};
		F924112A2797256600DA685F /* Debug */ = {
			isa = XCBuildConfiguration;
			buildSettings = {
				ALWAYS_EMBED_SWIFT_STANDARD_LIBRARIES = YES;
				BUNDLE_LOADER = "$(TEST_HOST)";
				CODE_SIGN_STYLE = Automatic;
				CURRENT_PROJECT_VERSION = 1;
				DEVELOPMENT_TEAM = 865HCUKLZS;
				GENERATE_INFOPLIST_FILE = YES;
				IPHONEOS_DEPLOYMENT_TARGET = 15.0;
				LD_RUNPATH_SEARCH_PATHS = (
					"$(inherited)",
					"@executable_path/Frameworks",
					"@loader_path/Frameworks",
				);
				MARKETING_VERSION = 1.0;
				PRODUCT_BUNDLE_IDENTIFIER = wahleapps.WackAJellyfishTests;
				PRODUCT_NAME = "$(TARGET_NAME)";
				SWIFT_EMIT_LOC_STRINGS = NO;
				SWIFT_VERSION = 5.0;
				TARGETED_DEVICE_FAMILY = "1,2";
				TEST_HOST = "$(BUILT_PRODUCTS_DIR)/WackAJellyfish.app/WackAJellyfish";
			};
			name = Debug;
		};
		F924112B2797256600DA685F /* Release */ = {
			isa = XCBuildConfiguration;
			buildSettings = {
				ALWAYS_EMBED_SWIFT_STANDARD_LIBRARIES = YES;
				BUNDLE_LOADER = "$(TEST_HOST)";
				CODE_SIGN_STYLE = Automatic;
				CURRENT_PROJECT_VERSION = 1;
				DEVELOPMENT_TEAM = 865HCUKLZS;
				GENERATE_INFOPLIST_FILE = YES;
				IPHONEOS_DEPLOYMENT_TARGET = 15.0;
				LD_RUNPATH_SEARCH_PATHS = (
					"$(inherited)",
					"@executable_path/Frameworks",
					"@loader_path/Frameworks",
				);
				MARKETING_VERSION = 1.0;
				PRODUCT_BUNDLE_IDENTIFIER = wahleapps.WackAJellyfishTests;
				PRODUCT_NAME = "$(TARGET_NAME)";
				SWIFT_EMIT_LOC_STRINGS = NO;
				SWIFT_VERSION = 5.0;
				TARGETED_DEVICE_FAMILY = "1,2";
				TEST_HOST = "$(BUILT_PRODUCTS_DIR)/WackAJellyfish.app/WackAJellyfish";
			};
			name = Release;
		};
		F924112D2797256600DA685F /* Debug */ = {
			isa = XCBuildConfiguration;
			buildSettings = {
				ALWAYS_EMBED_SWIFT_STANDARD_LIBRARIES = YES;
				CODE_SIGN_STYLE = Automatic;
				CURRENT_PROJECT_VERSION = 1;
				DEVELOPMENT_TEAM = 865HCUKLZS;
				GENERATE_INFOPLIST_FILE = YES;
				LD_RUNPATH_SEARCH_PATHS = (
					"$(inherited)",
					"@executable_path/Frameworks",
					"@loader_path/Frameworks",
				);
				MARKETING_VERSION = 1.0;
				PRODUCT_BUNDLE_IDENTIFIER = wahleapps.WackAJellyfishUITests;
				PRODUCT_NAME = "$(TARGET_NAME)";
				SWIFT_EMIT_LOC_STRINGS = NO;
				SWIFT_VERSION = 5.0;
				TARGETED_DEVICE_FAMILY = "1,2";
				TEST_TARGET_NAME = WackAJellyfish;
			};
			name = Debug;
		};
		F924112E2797256600DA685F /* Release */ = {
			isa = XCBuildConfiguration;
			buildSettings = {
				ALWAYS_EMBED_SWIFT_STANDARD_LIBRARIES = YES;
				CODE_SIGN_STYLE = Automatic;
				CURRENT_PROJECT_VERSION = 1;
				DEVELOPMENT_TEAM = 865HCUKLZS;
				GENERATE_INFOPLIST_FILE = YES;
				LD_RUNPATH_SEARCH_PATHS = (
					"$(inherited)",
					"@executable_path/Frameworks",
					"@loader_path/Frameworks",
				);
				MARKETING_VERSION = 1.0;
				PRODUCT_BUNDLE_IDENTIFIER = wahleapps.WackAJellyfishUITests;
				PRODUCT_NAME = "$(TARGET_NAME)";
				SWIFT_EMIT_LOC_STRINGS = NO;
				SWIFT_VERSION = 5.0;
				TARGETED_DEVICE_FAMILY = "1,2";
				TEST_TARGET_NAME = WackAJellyfish;
			};
			name = Release;
		};
/* End XCBuildConfiguration section */

/* Begin XCConfigurationList section */
		F92410F72797256200DA685F /* Build configuration list for PBXProject "WackAJellyfish" */ = {
			isa = XCConfigurationList;
			buildConfigurations = (
				F92411242797256600DA685F /* Debug */,
				F92411252797256600DA685F /* Release */,
			);
			defaultConfigurationIsVisible = 0;
			defaultConfigurationName = Release;
		};
		F92411262797256600DA685F /* Build configuration list for PBXNativeTarget "WackAJellyfish" */ = {
			isa = XCConfigurationList;
			buildConfigurations = (
				F92411272797256600DA685F /* Debug */,
				F92411282797256600DA685F /* Release */,
			);
			defaultConfigurationIsVisible = 0;
			defaultConfigurationName = Release;
		};
		F92411292797256600DA685F /* Build configuration list for PBXNativeTarget "WackAJellyfishTests" */ = {
			isa = XCConfigurationList;
			buildConfigurations = (
				F924112A2797256600DA685F /* Debug */,
				F924112B2797256600DA685F /* Release */,
			);
			defaultConfigurationIsVisible = 0;
			defaultConfigurationName = Release;
		};
		F924112C2797256600DA685F /* Build configuration list for PBXNativeTarget "WackAJellyfishUITests" */ = {
			isa = XCConfigurationList;
			buildConfigurations = (
				F924112D2797256600DA685F /* Debug */,
				F924112E2797256600DA685F /* Release */,
			);
			defaultConfigurationIsVisible = 0;
			defaultConfigurationName = Release;
		};
/* End XCConfigurationList section */
	};
	rootObject = F92410F42797256200DA685F /* Project object */;
}
